
Microsoft Visual Studio Solution File, Format Version 12.00
# Visual Studio Version 17
VisualStudioVersion = 17.0.31919.166
MinimumVisualStudioVersion = 10.0.40219.1
Project("{FAE04EC0-301F-11D3-BF4B-00C04F79EFBC}") = "ExcerciseApp", "ExcerciseApp\ExcerciseApp.csproj", "{5192695B-2158-4A73-9E2E-8D6216463346}"
EndProject
Global
	GlobalSection(SolutionConfigurationPlatforms) = preSolution
		Debug|Any CPU = Debug|Any CPU
		Release|Any CPU = Release|Any CPU
	EndGlobalSection
	GlobalSection(ProjectConfigurationPlatforms) = postSolution
		{5192695B-2158-4A73-9E2E-8D6216463346}.Debug|Any CPU.ActiveCfg = Debug|Any CPU
		{5192695B-2158-4A73-9E2E-8D6216463346}.Debug|Any CPU.Build.0 = Debug|Any CPU
		{5192695B-2158-4A73-9E2E-8D6216463346}.Release|Any CPU.ActiveCfg = Release|Any CPU
		{5192695B-2158-4A73-9E2E-8D6216463346}.Release|Any CPU.Build.0 = Release|Any CPU
	EndGlobalSection
	GlobalSection(SolutionProperties) = preSolution
		HideSolutionNode = FALSE
	EndGlobalSection
	GlobalSection(ExtensibilityGlobals) = postSolution
		SolutionGuid = {26FAF3B0-90E6-4938-A488-0636564C7F61}
	EndGlobalSection
EndGlobal
